// !$*UTF8*$!
{
	archiveVersion = 1;
	classes = {
	};
	objectVersion = 46;
	objects = {

/* Begin PBXBuildFile section */
		638317651B52AC9C0033E052 /* HYQDynamicModel.m in Sources */ = {isa = PBXBuildFile; fileRef = 638317641B52AC9C0033E052 /* HYQDynamicModel.m */; };
		638317681B52B5690033E052 /* GGCollectionViewProtocol.m in Sources */ = {isa = PBXBuildFile; fileRef = 638317671B52B5690033E052 /* GGCollectionViewProtocol.m */; };
		63DB70DB1B52115B00875664 /* main.m in Sources */ = {isa = PBXBuildFile; fileRef = 63DB70DA1B52115B00875664 /* main.m */; };
		63DB70DE1B52115B00875664 /* AppDelegate.m in Sources */ = {isa = PBXBuildFile; fileRef = 63DB70DD1B52115B00875664 /* AppDelegate.m */; };
		63DB70E11B52115B00875664 /* ViewController.m in Sources */ = {isa = PBXBuildFile; fileRef = 63DB70E01B52115B00875664 /* ViewController.m */; };
		63DB70E41B52115B00875664 /* Main.storyboard in Resources */ = {isa = PBXBuildFile; fileRef = 63DB70E21B52115B00875664 /* Main.storyboard */; };
		63DB70E61B52115B00875664 /* Assets.xcassets in Resources */ = {isa = PBXBuildFile; fileRef = 63DB70E51B52115B00875664 /* Assets.xcassets */; };
		63DB70E91B52115B00875664 /* LaunchScreen.storyboard in Resources */ = {isa = PBXBuildFile; fileRef = 63DB70E71B52115B00875664 /* LaunchScreen.storyboard */; };
		63DB70F41B52115B00875664 /* GGPhotoBrowserTests.m in Sources */ = {isa = PBXBuildFile; fileRef = 63DB70F31B52115B00875664 /* GGPhotoBrowserTests.m */; };
		63DB70FF1B52115B00875664 /* GGPhotoBrowserUITests.m in Sources */ = {isa = PBXBuildFile; fileRef = 63DB70FE1B52115B00875664 /* GGPhotoBrowserUITests.m */; };
		63DB710E1B52157000875664 /* GGPhotoCell.m in Sources */ = {isa = PBXBuildFile; fileRef = 63DB710D1B52157000875664 /* GGPhotoCell.m */; };
		63DB71161B52194F00875664 /* 6.jpg in Resources */ = {isa = PBXBuildFile; fileRef = 63DB710F1B52194F00875664 /* 6.jpg */; };
		63DB71171B52194F00875664 /* 7.jpg in Resources */ = {isa = PBXBuildFile; fileRef = 63DB71101B52194F00875664 /* 7.jpg */; };
		63DB71181B52194F00875664 /* 8.jpg in Resources */ = {isa = PBXBuildFile; fileRef = 63DB71111B52194F00875664 /* 8.jpg */; };
		63DB71191B52194F00875664 /* 9.jpg in Resources */ = {isa = PBXBuildFile; fileRef = 63DB71121B52194F00875664 /* 9.jpg */; };
		63DB711A1B52194F00875664 /* 10.jpg in Resources */ = {isa = PBXBuildFile; fileRef = 63DB71131B52194F00875664 /* 10.jpg */; };
		63DB711B1B52194F00875664 /* 12345.png in Resources */ = {isa = PBXBuildFile; fileRef = 63DB71141B52194F00875664 /* 12345.png */; };
		63DB711C1B52194F00875664 /* 121212.png in Resources */ = {isa = PBXBuildFile; fileRef = 63DB71151B52194F00875664 /* 121212.png */; };
		63DB71221B52274700875664 /* GGZoomScrollView.m in Sources */ = {isa = PBXBuildFile; fileRef = 63DB71211B52274700875664 /* GGZoomScrollView.m */; };
		F79065999523CFD9502BAF9A /* libPods.a in Frameworks */ = {isa = PBXBuildFile; fileRef = 8A82D295F9985298C0B65D57 /* libPods.a */; };
/* End PBXBuildFile section */

/* Begin PBXContainerItemProxy section */
		63DB70F01B52115B00875664 /* PBXContainerItemProxy */ = {
			isa = PBXContainerItemProxy;
			containerPortal = 63DB70CE1B52115B00875664 /* Project object */;
			proxyType = 1;
			remoteGlobalIDString = 63DB70D51B52115B00875664;
			remoteInfo = GGPhotoBrowser;
		};
		63DB70FB1B52115B00875664 /* PBXContainerItemProxy */ = {
			isa = PBXContainerItemProxy;
			containerPortal = 63DB70CE1B52115B00875664 /* Project object */;
			proxyType = 1;
			remoteGlobalIDString = 63DB70D51B52115B00875664;
			remoteInfo = GGPhotoBrowser;
		};
/* End PBXContainerItemProxy section */

/* Begin PBXFileReference section */
		2648A9C8E317F2291D978487 /* Pods.release.xcconfig */ = {isa = PBXFileReference; includeInIndex = 1; lastKnownFileType = text.xcconfig; name = Pods.release.xcconfig; path = "Pods/Target Support Files/Pods/Pods.release.xcconfig"; sourceTree = "<group>"; };
		40901BDECE24CD6912DBA045 /* Pods.debug.xcconfig */ = {isa = PBXFileReference; includeInIndex = 1; lastKnownFileType = text.xcconfig; name = Pods.debug.xcconfig; path = "Pods/Target Support Files/Pods/Pods.debug.xcconfig"; sourceTree = "<group>"; };
		638317631B52AC9C0033E052 /* HYQDynamicModel.h */ = {isa = PBXFileReference; fileEncoding = 4; lastKnownFileType = sourcecode.c.h; path = HYQDynamicModel.h; sourceTree = "<group>"; };
		638317641B52AC9C0033E052 /* HYQDynamicModel.m */ = {isa = PBXFileReference; fileEncoding = 4; lastKnownFileType = sourcecode.c.objc; path = HYQDynamicModel.m; sourceTree = "<group>"; };
		638317661B52B5690033E052 /* GGCollectionViewProtocol.h */ = {isa = PBXFileReference; fileEncoding = 4; lastKnownFileType = sourcecode.c.h; path = GGCollectionViewProtocol.h; sourceTree = "<group>"; };
		638317671B52B5690033E052 /* GGCollectionViewProtocol.m */ = {isa = PBXFileReference; fileEncoding = 4; lastKnownFileType = sourcecode.c.objc; path = GGCollectionViewProtocol.m; sourceTree = "<group>"; };
		63DB70D61B52115B00875664 /* GGPhotoBrowser.app */ = {isa = PBXFileReference; explicitFileType = wrapper.application; includeInIndex = 0; path = GGPhotoBrowser.app; sourceTree = BUILT_PRODUCTS_DIR; };
		63DB70DA1B52115B00875664 /* main.m */ = {isa = PBXFileReference; lastKnownFileType = sourcecode.c.objc; path = main.m; sourceTree = "<group>"; };
		63DB70DC1B52115B00875664 /* AppDelegate.h */ = {isa = PBXFileReference; lastKnownFileType = sourcecode.c.h; path = AppDelegate.h; sourceTree = "<group>"; };
		63DB70DD1B52115B00875664 /* AppDelegate.m */ = {isa = PBXFileReference; lastKnownFileType = sourcecode.c.objc; path = AppDelegate.m; sourceTree = "<group>"; };
		63DB70DF1B52115B00875664 /* ViewController.h */ = {isa = PBXFileReference; lastKnownFileType = sourcecode.c.h; path = ViewController.h; sourceTree = "<group>"; };
		63DB70E01B52115B00875664 /* ViewController.m */ = {isa = PBXFileReference; lastKnownFileType = sourcecode.c.objc; path = ViewController.m; sourceTree = "<group>"; };
		63DB70E31B52115B00875664 /* Base */ = {isa = PBXFileReference; lastKnownFileType = file.storyboard; name = Base; path = Base.lproj/Main.storyboard; sourceTree = "<group>"; };
		63DB70E51B52115B00875664 /* Assets.xcassets */ = {isa = PBXFileReference; lastKnownFileType = folder.assetcatalog; path = Assets.xcassets; sourceTree = "<group>"; };
		63DB70E81B52115B00875664 /* Base */ = {isa = PBXFileReference; lastKnownFileType = file.storyboard; name = Base; path = Base.lproj/LaunchScreen.storyboard; sourceTree = "<group>"; };
		63DB70EA1B52115B00875664 /* Info.plist */ = {isa = PBXFileReference; lastKnownFileType = text.plist.xml; path = Info.plist; sourceTree = "<group>"; };
		63DB70EF1B52115B00875664 /* GGPhotoBrowserTests.xctest */ = {isa = PBXFileReference; explicitFileType = wrapper.cfbundle; includeInIndex = 0; path = GGPhotoBrowserTests.xctest; sourceTree = BUILT_PRODUCTS_DIR; };
		63DB70F31B52115B00875664 /* GGPhotoBrowserTests.m */ = {isa = PBXFileReference; lastKnownFileType = sourcecode.c.objc; path = GGPhotoBrowserTests.m; sourceTree = "<group>"; };
		63DB70F51B52115B00875664 /* Info.plist */ = {isa = PBXFileReference; lastKnownFileType = text.plist.xml; path = Info.plist; sourceTree = "<group>"; };
		63DB70FA1B52115B00875664 /* GGPhotoBrowserUITests.xctest */ = {isa = PBXFileReference; explicitFileType = wrapper.cfbundle; includeInIndex = 0; path = GGPhotoBrowserUITests.xctest; sourceTree = BUILT_PRODUCTS_DIR; };
		63DB70FE1B52115B00875664 /* GGPhotoBrowserUITests.m */ = {isa = PBXFileReference; lastKnownFileType = sourcecode.c.objc; path = GGPhotoBrowserUITests.m; sourceTree = "<group>"; };
		63DB71001B52115B00875664 /* Info.plist */ = {isa = PBXFileReference; lastKnownFileType = text.plist.xml; path = Info.plist; sourceTree = "<group>"; };
		63DB710C1B52157000875664 /* GGPhotoCell.h */ = {isa = PBXFileReference; fileEncoding = 4; lastKnownFileType = sourcecode.c.h; path = GGPhotoCell.h; sourceTree = "<group>"; };
		63DB710D1B52157000875664 /* GGPhotoCell.m */ = {isa = PBXFileReference; fileEncoding = 4; lastKnownFileType = sourcecode.c.objc; path = GGPhotoCell.m; sourceTree = "<group>"; };
		63DB710F1B52194F00875664 /* 6.jpg */ = {isa = PBXFileReference; lastKnownFileType = image.jpeg; path = 6.jpg; sourceTree = "<group>"; };
		63DB71101B52194F00875664 /* 7.jpg */ = {isa = PBXFileReference; lastKnownFileType = image.jpeg; path = 7.jpg; sourceTree = "<group>"; };
		63DB71111B52194F00875664 /* 8.jpg */ = {isa = PBXFileReference; lastKnownFileType = image.jpeg; path = 8.jpg; sourceTree = "<group>"; };
		63DB71121B52194F00875664 /* 9.jpg */ = {isa = PBXFileReference; lastKnownFileType = image.jpeg; path = 9.jpg; sourceTree = "<group>"; };
		63DB71131B52194F00875664 /* 10.jpg */ = {isa = PBXFileReference; lastKnownFileType = image.jpeg; path = 10.jpg; sourceTree = "<group>"; };
		63DB71141B52194F00875664 /* 12345.png */ = {isa = PBXFileReference; lastKnownFileType = image.png; path = 12345.png; sourceTree = "<group>"; };
		63DB71151B52194F00875664 /* 121212.png */ = {isa = PBXFileReference; lastKnownFileType = image.png; path = 121212.png; sourceTree = "<group>"; };
		63DB71201B52274700875664 /* GGZoomScrollView.h */ = {isa = PBXFileReference; fileEncoding = 4; lastKnownFileType = sourcecode.c.h; path = GGZoomScrollView.h; sourceTree = "<group>"; };
		63DB71211B52274700875664 /* GGZoomScrollView.m */ = {isa = PBXFileReference; fileEncoding = 4; lastKnownFileType = sourcecode.c.objc; path = GGZoomScrollView.m; sourceTree = "<group>"; };
		8A82D295F9985298C0B65D57 /* libPods.a */ = {isa = PBXFileReference; explicitFileType = archive.ar; includeInIndex = 0; path = libPods.a; sourceTree = BUILT_PRODUCTS_DIR; };
/* End PBXFileReference section */

/* Begin PBXFrameworksBuildPhase section */
		63DB70D31B52115B00875664 /* Frameworks */ = {
			isa = PBXFrameworksBuildPhase;
			buildActionMask = 2147483647;
			files = (
				F79065999523CFD9502BAF9A /* libPods.a in Frameworks */,
			);
			runOnlyForDeploymentPostprocessing = 0;
		};
		63DB70EC1B52115B00875664 /* Frameworks */ = {
			isa = PBXFrameworksBuildPhase;
			buildActionMask = 2147483647;
			files = (
			);
			runOnlyForDeploymentPostprocessing = 0;
		};
		63DB70F71B52115B00875664 /* Frameworks */ = {
			isa = PBXFrameworksBuildPhase;
			buildActionMask = 2147483647;
			files = (
			);
			runOnlyForDeploymentPostprocessing = 0;
		};
/* End PBXFrameworksBuildPhase section */

/* Begin PBXGroup section */
		2F56FC8EA0BE0C8A2229E2BF /* Pods */ = {
			isa = PBXGroup;
			children = (
				40901BDECE24CD6912DBA045 /* Pods.debug.xcconfig */,
				2648A9C8E317F2291D978487 /* Pods.release.xcconfig */,
			);
			name = Pods;
			sourceTree = "<group>";
		};
		63DB70CD1B52115B00875664 = {
			isa = PBXGroup;
			children = (
				63DB70D81B52115B00875664 /* GGPhotoBrowser */,
				63DB70F21B52115B00875664 /* GGPhotoBrowserTests */,
				63DB70FD1B52115B00875664 /* GGPhotoBrowserUITests */,
				63DB70D71B52115B00875664 /* Products */,
				2F56FC8EA0BE0C8A2229E2BF /* Pods */,
				A5D84FFEBDC3F56DE241308B /* Frameworks */,
			);
			sourceTree = "<group>";
		};
		63DB70D71B52115B00875664 /* Products */ = {
			isa = PBXGroup;
			children = (
				63DB70D61B52115B00875664 /* GGPhotoBrowser.app */,
				63DB70EF1B52115B00875664 /* GGPhotoBrowserTests.xctest */,
				63DB70FA1B52115B00875664 /* GGPhotoBrowserUITests.xctest */,
			);
			name = Products;
			sourceTree = "<group>";
		};
		63DB70D81B52115B00875664 /* GGPhotoBrowser */ = {
			isa = PBXGroup;
			children = (
				63DB70DC1B52115B00875664 /* AppDelegate.h */,
				63DB70DD1B52115B00875664 /* AppDelegate.m */,
				63DB70DF1B52115B00875664 /* ViewController.h */,
				63DB70E01B52115B00875664 /* ViewController.m */,
				63DB70E21B52115B00875664 /* Main.storyboard */,
				63DB70E51B52115B00875664 /* Assets.xcassets */,
				63DB70E71B52115B00875664 /* LaunchScreen.storyboard */,
				63DB70EA1B52115B00875664 /* Info.plist */,
				638317631B52AC9C0033E052 /* HYQDynamicModel.h */,
				638317641B52AC9C0033E052 /* HYQDynamicModel.m */,
				63DB70D91B52115B00875664 /* Supporting Files */,
				63DB710C1B52157000875664 /* GGPhotoCell.h */,
				63DB710D1B52157000875664 /* GGPhotoCell.m */,
				63DB71201B52274700875664 /* GGZoomScrollView.h */,
				63DB71211B52274700875664 /* GGZoomScrollView.m */,
				638317661B52B5690033E052 /* GGCollectionViewProtocol.h */,
				638317671B52B5690033E052 /* GGCollectionViewProtocol.m */,
			);
			path = GGPhotoBrowser;
			sourceTree = "<group>";
		};
		63DB70D91B52115B00875664 /* Supporting Files */ = {
			isa = PBXGroup;
			children = (
				63DB710F1B52194F00875664 /* 6.jpg */,
				63DB71101B52194F00875664 /* 7.jpg */,
				63DB71111B52194F00875664 /* 8.jpg */,
				63DB71121B52194F00875664 /* 9.jpg */,
				63DB71131B52194F00875664 /* 10.jpg */,
				63DB71141B52194F00875664 /* 12345.png */,
				63DB71151B52194F00875664 /* 121212.png */,
				63DB70DA1B52115B00875664 /* main.m */,
			);
			name = "Supporting Files";
			sourceTree = "<group>";
		};
		63DB70F21B52115B00875664 /* GGPhotoBrowserTests */ = {
			isa = PBXGroup;
			children = (
				63DB70F31B52115B00875664 /* GGPhotoBrowserTests.m */,
				63DB70F51B52115B00875664 /* Info.plist */,
			);
			path = GGPhotoBrowserTests;
			sourceTree = "<group>";
		};
		63DB70FD1B52115B00875664 /* GGPhotoBrowserUITests */ = {
			isa = PBXGroup;
			children = (
				63DB70FE1B52115B00875664 /* GGPhotoBrowserUITests.m */,
				63DB71001B52115B00875664 /* Info.plist */,
			);
			path = GGPhotoBrowserUITests;
			sourceTree = "<group>";
		};
		A5D84FFEBDC3F56DE241308B /* Frameworks */ = {
			isa = PBXGroup;
			children = (
				8A82D295F9985298C0B65D57 /* libPods.a */,
			);
			name = Frameworks;
			sourceTree = "<group>";
		};
/* End PBXGroup section */

/* Begin PBXNativeTarget section */
		63DB70D51B52115B00875664 /* GGPhotoBrowser */ = {
			isa = PBXNativeTarget;
			buildConfigurationList = 63DB71031B52115B00875664 /* Build configuration list for PBXNativeTarget "GGPhotoBrowser" */;
			buildPhases = (
				203026D52A6ABDDB4030843A /* Check Pods Manifest.lock */,
				63DB70D21B52115B00875664 /* Sources */,
				63DB70D31B52115B00875664 /* Frameworks */,
				63DB70D41B52115B00875664 /* Resources */,
				14F151D7D2B8DB51173E9AD8 /* Copy Pods Resources */,
			);
			buildRules = (
			);
			dependencies = (
			);
			name = GGPhotoBrowser;
			productName = GGPhotoBrowser;
			productReference = 63DB70D61B52115B00875664 /* GGPhotoBrowser.app */;
			productType = "com.apple.product-type.application";
		};
		63DB70EE1B52115B00875664 /* GGPhotoBrowserTests */ = {
			isa = PBXNativeTarget;
			buildConfigurationList = 63DB71061B52115B00875664 /* Build configuration list for PBXNativeTarget "GGPhotoBrowserTests" */;
			buildPhases = (
				63DB70EB1B52115B00875664 /* Sources */,
				63DB70EC1B52115B00875664 /* Frameworks */,
				63DB70ED1B52115B00875664 /* Resources */,
			);
			buildRules = (
			);
			dependencies = (
				63DB70F11B52115B00875664 /* PBXTargetDependency */,
			);
			name = GGPhotoBrowserTests;
			productName = GGPhotoBrowserTests;
			productReference = 63DB70EF1B52115B00875664 /* GGPhotoBrowserTests.xctest */;
			productType = "com.apple.product-type.bundle.unit-test";
		};
		63DB70F91B52115B00875664 /* GGPhotoBrowserUITests */ = {
			isa = PBXNativeTarget;
			buildConfigurationList = 63DB71091B52115B00875664 /* Build configuration list for PBXNativeTarget "GGPhotoBrowserUITests" */;
			buildPhases = (
				63DB70F61B52115B00875664 /* Sources */,
				63DB70F71B52115B00875664 /* Frameworks */,
				63DB70F81B52115B00875664 /* Resources */,
			);
			buildRules = (
			);
			dependencies = (
				63DB70FC1B52115B00875664 /* PBXTargetDependency */,
			);
			name = GGPhotoBrowserUITests;
			productName = GGPhotoBrowserUITests;
			productReference = 63DB70FA1B52115B00875664 /* GGPhotoBrowserUITests.xctest */;
			productType = "com.apple.product-type.bundle.ui-testing";
		};
/* End PBXNativeTarget section */

/* Begin PBXProject section */
		63DB70CE1B52115B00875664 /* Project object */ = {
			isa = PBXProject;
			attributes = {
				LastUpgradeCheck = 0700;
				ORGANIZATIONNAME = "__无邪_";
				TargetAttributes = {
					63DB70D51B52115B00875664 = {
						CreatedOnToolsVersion = 7.0;
					};
					63DB70EE1B52115B00875664 = {
						CreatedOnToolsVersion = 7.0;
						TestTargetID = 63DB70D51B52115B00875664;
					};
					63DB70F91B52115B00875664 = {
						CreatedOnToolsVersion = 7.0;
						TestTargetID = 63DB70D51B52115B00875664;
					};
				};
			};
			buildConfigurationList = 63DB70D11B52115B00875664 /* Build configuration list for PBXProject "GGPhotoBrowser" */;
			compatibilityVersion = "Xcode 3.2";
			developmentRegion = English;
			hasScannedForEncodings = 0;
			knownRegions = (
				en,
				Base,
			);
			mainGroup = 63DB70CD1B52115B00875664;
			productRefGroup = 63DB70D71B52115B00875664 /* Products */;
			projectDirPath = "";
			projectRoot = "";
			targets = (
				63DB70D51B52115B00875664 /* GGPhotoBrowser */,
				63DB70EE1B52115B00875664 /* GGPhotoBrowserTests */,
				63DB70F91B52115B00875664 /* GGPhotoBrowserUITests */,
			);
		};
/* End PBXProject section */

/* Begin PBXResourcesBuildPhase section */
		63DB70D41B52115B00875664 /* Resources */ = {
			isa = PBXResourcesBuildPhase;
			buildActionMask = 2147483647;
			files = (
				63DB711C1B52194F00875664 /* 121212.png in Resources */,
				63DB71181B52194F00875664 /* 8.jpg in Resources */,
				63DB70E91B52115B00875664 /* LaunchScreen.storyboard in Resources */,
				63DB71191B52194F00875664 /* 9.jpg in Resources */,
				63DB70E61B52115B00875664 /* Assets.xcassets in Resources */,
				63DB711B1B52194F00875664 /* 12345.png in Resources */,
				63DB71171B52194F00875664 /* 7.jpg in Resources */,
				63DB71161B52194F00875664 /* 6.jpg in Resources */,
				63DB711A1B52194F00875664 /* 10.jpg in Resources */,
				63DB70E41B52115B00875664 /* Main.storyboard in Resources */,
			);
			runOnlyForDeploymentPostprocessing = 0;
		};
		63DB70ED1B52115B00875664 /* Resources */ = {
			isa = PBXResourcesBuildPhase;
			buildActionMask = 2147483647;
			files = (
			);
			runOnlyForDeploymentPostprocessing = 0;
		};
		63DB70F81B52115B00875664 /* Resources */ = {
			isa = PBXResourcesBuildPhase;
			buildActionMask = 2147483647;
			files = (
			);
			runOnlyForDeploymentPostprocessing = 0;
		};
/* End PBXResourcesBuildPhase section */

/* Begin PBXShellScriptBuildPhase section */
		14F151D7D2B8DB51173E9AD8 /* Copy Pods Resources */ = {
			isa = PBXShellScriptBuildPhase;
			buildActionMask = 2147483647;
			files = (
			);
			inputPaths = (
			);
			name = "Copy Pods Resources";
			outputPaths = (
			);
			runOnlyForDeploymentPostprocessing = 0;
			shellPath = /bin/sh;
			shellScript = "\"${SRCROOT}/Pods/Target Support Files/Pods/Pods-resources.sh\"\n";
			showEnvVarsInLog = 0;
		};
		203026D52A6ABDDB4030843A /* Check Pods Manifest.lock */ = {
			isa = PBXShellScriptBuildPhase;
			buildActionMask = 2147483647;
			files = (
			);
			inputPaths = (
			);
			name = "Check Pods Manifest.lock";
			outputPaths = (
			);
			runOnlyForDeploymentPostprocessing = 0;
			shellPath = /bin/sh;
			shellScript = "diff \"${PODS_ROOT}/../Podfile.lock\" \"${PODS_ROOT}/Manifest.lock\" > /dev/null\nif [[ $? != 0 ]] ; then\n    cat << EOM\nerror: The sandbox is not in sync with the Podfile.lock. Run 'pod install' or update your CocoaPods installation.\nEOM\n    exit 1\nfi\n";
			showEnvVarsInLog = 0;
		};
/* End PBXShellScriptBuildPhase section */

/* Begin PBXSourcesBuildPhase section */
		63DB70D21B52115B00875664 /* Sources */ = {
			isa = PBXSourcesBuildPhase;
			buildActionMask = 2147483647;
			files = (
				638317681B52B5690033E052 /* GGCollectionViewProtocol.m in Sources */,
				63DB710E1B52157000875664 /* GGPhotoCell.m in Sources */,
				63DB71221B52274700875664 /* GGZoomScrollView.m in Sources */,
				63DB70E11B52115B00875664 /* ViewController.m in Sources */,
				638317651B52AC9C0033E052 /* HYQDynamicModel.m in Sources */,
				63DB70DE1B52115B00875664 /* AppDelegate.m in Sources */,
				63DB70DB1B52115B00875664 /* main.m in Sources */,
			);
			runOnlyForDeploymentPostprocessing = 0;
		};
		63DB70EB1B52115B00875664 /* Sources */ = {
			isa = PBXSourcesBuildPhase;
			buildActionMask = 2147483647;
			files = (
				63DB70F41B52115B00875664 /* GGPhotoBrowserTests.m in Sources */,
			);
			runOnlyForDeploymentPostprocessing = 0;
		};
		63DB70F61B52115B00875664 /* Sources */ = {
			isa = PBXSourcesBuildPhase;
			buildActionMask = 2147483647;
			files = (
				63DB70FF1B52115B00875664 /* GGPhotoBrowserUITests.m in Sources */,
			);
			runOnlyForDeploymentPostprocessing = 0;
		};
/* End PBXSourcesBuildPhase section */

/* Begin PBXTargetDependency section */
		63DB70F11B52115B00875664 /* PBXTargetDependency */ = {
			isa = PBXTargetDependency;
			target = 63DB70D51B52115B00875664 /* GGPhotoBrowser */;
			targetProxy = 63DB70F01B52115B00875664 /* PBXContainerItemProxy */;
		};
		63DB70FC1B52115B00875664 /* PBXTargetDependency */ = {
			isa = PBXTargetDependency;
			target = 63DB70D51B52115B00875664 /* GGPhotoBrowser */;
			targetProxy = 63DB70FB1B52115B00875664 /* PBXContainerItemProxy */;
		};
/* End PBXTargetDependency section */

/* Begin PBXVariantGroup section */
		63DB70E21B52115B00875664 /* Main.storyboard */ = {
			isa = PBXVariantGroup;
			children = (
				63DB70E31B52115B00875664 /* Base */,
			);
			name = Main.storyboard;
			sourceTree = "<group>";
		};
		63DB70E71B52115B00875664 /* LaunchScreen.storyboard */ = {
			isa = PBXVariantGroup;
			children = (
				63DB70E81B52115B00875664 /* Base */,
			);
			name = LaunchScreen.storyboard;
			sourceTree = "<group>";
		};
/* End PBXVariantGroup section */

/* Begin XCBuildConfiguration section */
		63DB71011B52115B00875664 /* Debug */ = {
			isa = XCBuildConfiguration;
			buildSettings = {
				ALWAYS_SEARCH_USER_PATHS = NO;
				CLANG_CXX_LANGUAGE_STANDARD = "gnu++0x";
				CLANG_CXX_LIBRARY = "libc++";
				CLANG_ENABLE_MODULES = YES;
				CLANG_ENABLE_OBJC_ARC = YES;
				CLANG_WARN_BOOL_CONVERSION = YES;
				CLANG_WARN_CONSTANT_CONVERSION = YES;
				CLANG_WARN_DIRECT_OBJC_ISA_USAGE = YES_ERROR;
				CLANG_WARN_EMPTY_BODY = YES;
				CLANG_WARN_ENUM_CONVERSION = YES;
				CLANG_WARN_INT_CONVERSION = YES;
				CLANG_WARN_OBJC_ROOT_CLASS = YES_ERROR;
				CLANG_WARN_UNREACHABLE_CODE = YES;
				CLANG_WARN__DUPLICATE_METHOD_MATCH = YES;
				"CODE_SIGN_IDENTITY[sdk=iphoneos*]" = "iPhone Developer";
				COPY_PHASE_STRIP = NO;
				DEBUG_INFORMATION_FORMAT = dwarf;
				ENABLE_STRICT_OBJC_MSGSEND = YES;
				ENABLE_TESTABILITY = YES;
				GCC_C_LANGUAGE_STANDARD = gnu99;
				GCC_DYNAMIC_NO_PIC = NO;
				GCC_NO_COMMON_BLOCKS = YES;
				GCC_OPTIMIZATION_LEVEL = 0;
				GCC_PREPROCESSOR_DEFINITIONS = (
					"DEBUG=1",
					"$(inherited)",
				);
				GCC_WARN_64_TO_32_BIT_CONVERSION = YES;
				GCC_WARN_ABOUT_RETURN_TYPE = YES_ERROR;
				GCC_WARN_UNDECLARED_SELECTOR = YES;
				GCC_WARN_UNINITIALIZED_AUTOS = YES_AGGRESSIVE;
				GCC_WARN_UNUSED_FUNCTION = YES;
				GCC_WARN_UNUSED_VARIABLE = YES;
				IPHONEOS_DEPLOYMENT_TARGET = 9.0;
				MTL_ENABLE_DEBUG_INFO = YES;
				ONLY_ACTIVE_ARCH = YES;
				SDKROOT = iphoneos;
				TARGETED_DEVICE_FAMILY = "1,2";
			};
			name = Debug;
		};
		63DB71021B52115B00875664 /* Release */ = {
			isa = XCBuildConfiguration;
			buildSettings = {
				ALWAYS_SEARCH_USER_PATHS = NO;
				CLANG_CXX_LANGUAGE_STANDARD = "gnu++0x";
				CLANG_CXX_LIBRARY = "libc++";
				CLANG_ENABLE_MODULES = YES;
				CLANG_ENABLE_OBJC_ARC = YES;
				CLANG_WARN_BOOL_CONVERSION = YES;
				CLANG_WARN_CONSTANT_CONVERSION = YES;
				CLANG_WARN_DIRECT_OBJC_ISA_USAGE = YES_ERROR;
				CLANG_WARN_EMPTY_BODY = YES;
				CLANG_WARN_ENUM_CONVERSION = YES;
				CLANG_WARN_INT_CONVERSION = YES;
				CLANG_WARN_OBJC_ROOT_CLASS = YES_ERROR;
				CLANG_WARN_UNREACHABLE_CODE = YES;
				CLANG_WARN__DUPLICATE_METHOD_MATCH = YES;
				"CODE_SIGN_IDENTITY[sdk=iphoneos*]" = "iPhone Developer";
				COPY_PHASE_STRIP = NO;
				DEBUG_INFORMATION_FORMAT = "dwarf-with-dsym";
				ENABLE_NS_ASSERTIONS = NO;
				ENABLE_STRICT_OBJC_MSGSEND = YES;
				GCC_C_LANGUAGE_STANDARD = gnu99;
				GCC_NO_COMMON_BLOCKS = YES;
				GCC_WARN_64_TO_32_BIT_CONVERSION = YES;
				GCC_WARN_ABOUT_RETURN_TYPE = YES_ERROR;
				GCC_WARN_UNDECLARED_SELECTOR = YES;
				GCC_WARN_UNINITIALIZED_AUTOS = YES_AGGRESSIVE;
				GCC_WARN_UNUSED_FUNCTION = YES;
				GCC_WARN_UNUSED_VARIABLE = YES;
				IPHONEOS_DEPLOYMENT_TARGET = 9.0;
				MTL_ENABLE_DEBUG_INFO = NO;
				SDKROOT = iphoneos;
				TARGETED_DEVICE_FAMILY = "1,2";
				VALIDATE_PRODUCT = YES;
			};
			name = Release;
		};
		63DB71041B52115B00875664 /* Debug */ = {
			isa = XCBuildConfiguration;
			baseConfigurationReference = 40901BDECE24CD6912DBA045 /* Pods.debug.xcconfig */;
			buildSettings = {
				ASSETCATALOG_COMPILER_APPICON_NAME = AppIcon;
				INFOPLIST_FILE = GGPhotoBrowser/Info.plist;
				IPHONEOS_DEPLOYMENT_TARGET = 7.1;
				LD_RUNPATH_SEARCH_PATHS = "$(inherited) @executable_path/Frameworks";
				PRODUCT_BUNDLE_IDENTIFIER = otherplayer.GGPhotoBrowser;
				PRODUCT_NAME = "$(TARGET_NAME)";
			};
			name = Debug;
		};
		63DB71051B52115B00875664 /* Release */ = {
			isa = XCBuildConfiguration;
			baseConfigurationReference = 2648A9C8E317F2291D978487 /* Pods.release.xcconfig */;
			buildSettings = {
				ASSETCATALOG_COMPILER_APPICON_NAME = AppIcon;
				INFOPLIST_FILE = GGPhotoBrowser/Info.plist;
				IPHONEOS_DEPLOYMENT_TARGET = 7.1;
				LD_RUNPATH_SEARCH_PATHS = "$(inherited) @executable_path/Frameworks";
				PRODUCT_BUNDLE_IDENTIFIER = otherplayer.GGPhotoBrowser;
				PRODUCT_NAME = "$(TARGET_NAME)";
			};
			name = Release;
		};
		63DB71071B52115B00875664 /* Debug */ = {
			isa = XCBuildConfiguration;
			buildSettings = {
				BUNDLE_LOADER = "$(TEST_HOST)";
				INFOPLIST_FILE = GGPhotoBrowserTests/Info.plist;
				LD_RUNPATH_SEARCH_PATHS = "$(inherited) @executable_path/Frameworks @loader_path/Frameworks";
				PRODUCT_BUNDLE_IDENTIFIER = otherplayer.GGPhotoBrowserTests;
				PRODUCT_NAME = "$(TARGET_NAME)";
				TEST_HOST = "$(BUILT_PRODUCTS_DIR)/GGPhotoBrowser.app/GGPhotoBrowser";
			};
			name = Debug;
		};
		63DB71081B52115B00875664 /* Release */ = {
			isa = XCBuildConfiguration;
			buildSettings = {
				BUNDLE_LOADER = "$(TEST_HOST)";
				INFOPLIST_FILE = GGPhotoBrowserTests/Info.plist;
				LD_RUNPATH_SEARCH_PATHS = "$(inherited) @executable_path/Frameworks @loader_path/Frameworks";
				PRODUCT_BUNDLE_IDENTIFIER = otherplayer.GGPhotoBrowserTests;
				PRODUCT_NAME = "$(TARGET_NAME)";
				TEST_HOST = "$(BUILT_PRODUCTS_DIR)/GGPhotoBrowser.app/GGPhotoBrowser";
			};
			name = Release;
		};
		63DB710A1B52115B00875664 /* Debug */ = {
			isa = XCBuildConfiguration;
			buildSettings = {
				INFOPLIST_FILE = GGPhotoBrowserUITests/Info.plist;
				LD_RUNPATH_SEARCH_PATHS = "$(inherited) @executable_path/Frameworks @loader_path/Frameworks";
				PRODUCT_BUNDLE_IDENTIFIER = otherplayer.GGPhotoBrowserUITests;
				PRODUCT_NAME = "$(TARGET_NAME)";
				TEST_TARGET_NAME = GGPhotoBrowser;
				USES_XCTRUNNER = YES;
			};
			name = Debug;
		};
		63DB710B1B52115B00875664 /* Release */ = {
			isa = XCBuildConfiguration;
			buildSettings = {
				INFOPLIST_FILE = GGPhotoBrowserUITests/Info.plist;
				LD_RUNPATH_SEARCH_PATHS = "$(inherited) @executable_path/Frameworks @loader_path/Frameworks";
				PRODUCT_BUNDLE_IDENTIFIER = otherplayer.GGPhotoBrowserUITests;
				PRODUCT_NAME = "$(TARGET_NAME)";
				TEST_TARGET_NAME = GGPhotoBrowser;
				USES_XCTRUNNER = YES;
			};
			name = Release;
		};
/* End XCBuildConfiguration section */

/* Begin XCConfigurationList section */
		63DB70D11B52115B00875664 /* Build configuration list for PBXProject "GGPhotoBrowser" */ = {
			isa = XCConfigurationList;
			buildConfigurations = (
				63DB71011B52115B00875664 /* Debug */,
				63DB71021B52115B00875664 /* Release */,
			);
			defaultConfigurationIsVisible = 0;
			defaultConfigurationName = Release;
		};
		63DB71031B52115B00875664 /* Build configuration list for PBXNativeTarget "GGPhotoBrowser" */ = {
			isa = XCConfigurationList;
			buildConfigurations = (
				63DB71041B52115B00875664 /* Debug */,
				63DB71051B52115B00875664 /* Release */,
			);
			defaultConfigurationIsVisible = 0;
			defaultConfigurationName = Release;
		};
		63DB71061B52115B00875664 /* Build configuration list for PBXNativeTarget "GGPhotoBrowserTests" */ = {
			isa = XCConfigurationList;
			buildConfigurations = (
				63DB71071B52115B00875664 /* Debug */,
				63DB71081B52115B00875664 /* Release */,
			);
			defaultConfigurationIsVisible = 0;
			defaultConfigurationName = Release;
		};
		63DB71091B52115B00875664 /* Build configuration list for PBXNativeTarget "GGPhotoBrowserUITests" */ = {
			isa = XCConfigurationList;
			buildConfigurations = (
				63DB710A1B52115B00875664 /* Debug */,
				63DB710B1B52115B00875664 /* Release */,
			);
			defaultConfigurationIsVisible = 0;
			defaultConfigurationName = Release;
		};
/* End XCConfigurationList section */
	};
	rootObject = 63DB70CE1B52115B00875664 /* Project object */;
}
